// !$*UTF8*$!
{
	archiveVersion = 1;
	classes = {
	};
	objectVersion = 56;
	objects = {

/* Begin PBXBuildFile section */
		222A41772DD75395007FDCCF /* LeagueDto.swift in Sources */ = {isa = PBXBuildFile; fileRef = 222A41762DD75395007FDCCF /* LeagueDto.swift */; };
		222A41792DD7558E007FDCCF /* NetworkManger.swift in Sources */ = {isa = PBXBuildFile; fileRef = 222A41782DD7558E007FDCCF /* NetworkManger.swift */; };
		222A417B2DD755AC007FDCCF /* NetworkMangerProtocol.swift in Sources */ = {isa = PBXBuildFile; fileRef = 222A417A2DD755AC007FDCCF /* NetworkMangerProtocol.swift */; };
		222A417E2DD75606007FDCCF /* Alamofire in Frameworks */ = {isa = PBXBuildFile; productRef = 222A417D2DD75606007FDCCF /* Alamofire */; };
		222A41812DD75711007FDCCF /* LeaguesPresenter.swift in Sources */ = {isa = PBXBuildFile; fileRef = 222A41802DD75711007FDCCF /* LeaguesPresenter.swift */; };
		222A41832DD7572E007FDCCF /* LeaguesViewProtocol.swift in Sources */ = {isa = PBXBuildFile; fileRef = 222A41822DD7572E007FDCCF /* LeaguesViewProtocol.swift */; };
		222A41862DD75F0D007FDCCF /* SDWebImageSwiftUI in Frameworks */ = {isa = PBXBuildFile; productRef = 222A41852DD75F0D007FDCCF /* SDWebImageSwiftUI */; };
		22335DCB2DD4D2B50076422C /* AppDelegate.swift in Sources */ = {isa = PBXBuildFile; fileRef = 22335DCA2DD4D2B50076422C /* AppDelegate.swift */; };
		22335DCD2DD4D2B50076422C /* SceneDelegate.swift in Sources */ = {isa = PBXBuildFile; fileRef = 22335DCC2DD4D2B50076422C /* SceneDelegate.swift */; };
		22335DD52DD4D2B50076422C /* Sportify.xcdatamodeld in Sources */ = {isa = PBXBuildFile; fileRef = 22335DD32DD4D2B50076422C /* Sportify.xcdatamodeld */; };
		22335DD72DD4D2B60076422C /* Assets.xcassets in Resources */ = {isa = PBXBuildFile; fileRef = 22335DD62DD4D2B60076422C /* Assets.xcassets */; };
		22335DDA2DD4D2B60076422C /* LaunchScreen.storyboard in Resources */ = {isa = PBXBuildFile; fileRef = 22335DD82DD4D2B60076422C /* LaunchScreen.storyboard */; };
		22335DE52DD4D2B60076422C /* SportifyTests.swift in Sources */ = {isa = PBXBuildFile; fileRef = 22335DE42DD4D2B60076422C /* SportifyTests.swift */; };
		22335DEF2DD4D2B60076422C /* SportifyUITests.swift in Sources */ = {isa = PBXBuildFile; fileRef = 22335DEE2DD4D2B60076422C /* SportifyUITests.swift */; };
		22335DF12DD4D2B60076422C /* SportifyUITestsLaunchTests.swift in Sources */ = {isa = PBXBuildFile; fileRef = 22335DF02DD4D2B60076422C /* SportifyUITestsLaunchTests.swift */; };
		22AAA0ED2DD52EBD0092F713 /* LeaguesTableViewController.swift in Sources */ = {isa = PBXBuildFile; fileRef = 22AAA0EB2DD52EBD0092F713 /* LeaguesTableViewController.swift */; };
		22AAA0EE2DD52EBD0092F713 /* LeaguesTableViewController.xib in Resources */ = {isa = PBXBuildFile; fileRef = 22AAA0EC2DD52EBD0092F713 /* LeaguesTableViewController.xib */; };
		22AAA0F12DD52F100092F713 /* LeaguesTableViewCell.swift in Sources */ = {isa = PBXBuildFile; fileRef = 22AAA0EF2DD52F100092F713 /* LeaguesTableViewCell.swift */; };
		22AAA0F22DD52F100092F713 /* LeaguesTableViewCell.xib in Resources */ = {isa = PBXBuildFile; fileRef = 22AAA0F02DD52F100092F713 /* LeaguesTableViewCell.xib */; };
		22AFC1772DD604F80060C450 /* TeamDetailsViewController.swift in Sources */ = {isa = PBXBuildFile; fileRef = 22AFC1752DD604F80060C450 /* TeamDetailsViewController.swift */; };
		22AFC1782DD604F80060C450 /* TeamDetailsViewController.xib in Resources */ = {isa = PBXBuildFile; fileRef = 22AFC1762DD604F80060C450 /* TeamDetailsViewController.xib */; };
		22AFC17B2DD608B30060C450 /* PlayerTableViewCell.swift in Sources */ = {isa = PBXBuildFile; fileRef = 22AFC1792DD608B30060C450 /* PlayerTableViewCell.swift */; };
		22AFC17C2DD608B30060C450 /* PlayerTableViewCell.xib in Resources */ = {isa = PBXBuildFile; fileRef = 22AFC17A2DD608B30060C450 /* PlayerTableViewCell.xib */; };
		22F7A78D2DD5011200A6B05A /* HomeViewController.swift in Sources */ = {isa = PBXBuildFile; fileRef = 22F7A78B2DD5011200A6B05A /* HomeViewController.swift */; };
		22F7A78E2DD5011200A6B05A /* HomeViewController.xib in Resources */ = {isa = PBXBuildFile; fileRef = 22F7A78C2DD5011200A6B05A /* HomeViewController.xib */; };
		22F7A7972DD51A3100A6B05A /* SportViewCell.swift in Sources */ = {isa = PBXBuildFile; fileRef = 22F7A7952DD51A3100A6B05A /* SportViewCell.swift */; };
		22F7A7982DD51A3100A6B05A /* SportViewCell.xib in Resources */ = {isa = PBXBuildFile; fileRef = 22F7A7962DD51A3100A6B05A /* SportViewCell.xib */; };
		C233C7E12DD6517700BE0C9A /* FavoriteTableViewController.xib in Resources */ = {isa = PBXBuildFile; fileRef = C233C7E02DD6517700BE0C9A /* FavoriteTableViewController.xib */; };
		C233C7E22DD6517700BE0C9A /* FavoriteTableViewController.swift in Sources */ = {isa = PBXBuildFile; fileRef = C233C7DF2DD6517700BE0C9A /* FavoriteTableViewController.swift */; };
		C233C8052DD6685E00BE0C9A /* LeaguesDetailCollectionViewController.xib in Resources */ = {isa = PBXBuildFile; fileRef = C233C8042DD6685E00BE0C9A /* LeaguesDetailCollectionViewController.xib */; };
		C233C8062DD6685E00BE0C9A /* LeaguesDetailCollectionViewController.swift in Sources */ = {isa = PBXBuildFile; fileRef = C233C8032DD6685E00BE0C9A /* LeaguesDetailCollectionViewController.swift */; };
		C233C80A2DD668F900BE0C9A /* UpcomingEventCollectionViewCell.xib in Resources */ = {isa = PBXBuildFile; fileRef = C233C8092DD668F900BE0C9A /* UpcomingEventCollectionViewCell.xib */; };
		C233C80B2DD668F900BE0C9A /* UpcomingEventCollectionViewCell.swift in Sources */ = {isa = PBXBuildFile; fileRef = C233C8082DD668F900BE0C9A /* UpcomingEventCollectionViewCell.swift */; };
		C233C8142DD67CE800BE0C9A /* TeamsCollectionViewCell.xib in Resources */ = {isa = PBXBuildFile; fileRef = C233C8132DD67CE800BE0C9A /* TeamsCollectionViewCell.xib */; };
		C233C8152DD67CE800BE0C9A /* TeamsCollectionViewCell.swift in Sources */ = {isa = PBXBuildFile; fileRef = C233C8122DD67CE800BE0C9A /* TeamsCollectionViewCell.swift */; };
		C233C84E2DD6965A00BE0C9A /* LatestEventCollectionViewCell.xib in Resources */ = {isa = PBXBuildFile; fileRef = C233C84D2DD6965A00BE0C9A /* LatestEventCollectionViewCell.xib */; };
		C233C84F2DD6965A00BE0C9A /* LatestEventCollectionViewCell.swift in Sources */ = {isa = PBXBuildFile; fileRef = C233C84C2DD6965A00BE0C9A /* LatestEventCollectionViewCell.swift */; };
/* End PBXBuildFile section */

/* Begin PBXContainerItemProxy section */
		22335DE12DD4D2B60076422C /* PBXContainerItemProxy */ = {
			isa = PBXContainerItemProxy;
			containerPortal = 22335DBF2DD4D2B40076422C /* Project object */;
			proxyType = 1;
			remoteGlobalIDString = 22335DC62DD4D2B50076422C;
			remoteInfo = Sportify;
		};
		22335DEB2DD4D2B60076422C /* PBXContainerItemProxy */ = {
			isa = PBXContainerItemProxy;
			containerPortal = 22335DBF2DD4D2B40076422C /* Project object */;
			proxyType = 1;
			remoteGlobalIDString = 22335DC62DD4D2B50076422C;
			remoteInfo = Sportify;
		};
/* End PBXContainerItemProxy section */

/* Begin PBXFileReference section */
		222A41762DD75395007FDCCF /* LeagueDto.swift */ = {isa = PBXFileReference; lastKnownFileType = sourcecode.swift; path = LeagueDto.swift; sourceTree = "<group>"; };
		222A41782DD7558E007FDCCF /* NetworkManger.swift */ = {isa = PBXFileReference; lastKnownFileType = sourcecode.swift; path = NetworkManger.swift; sourceTree = "<group>"; };
		222A417A2DD755AC007FDCCF /* NetworkMangerProtocol.swift */ = {isa = PBXFileReference; lastKnownFileType = sourcecode.swift; path = NetworkMangerProtocol.swift; sourceTree = "<group>"; };
		222A41802DD75711007FDCCF /* LeaguesPresenter.swift */ = {isa = PBXFileReference; lastKnownFileType = sourcecode.swift; path = LeaguesPresenter.swift; sourceTree = "<group>"; };
		222A41822DD7572E007FDCCF /* LeaguesViewProtocol.swift */ = {isa = PBXFileReference; lastKnownFileType = sourcecode.swift; path = LeaguesViewProtocol.swift; sourceTree = "<group>"; };
		22335DC72DD4D2B50076422C /* Sportify.app */ = {isa = PBXFileReference; explicitFileType = wrapper.application; includeInIndex = 0; path = Sportify.app; sourceTree = BUILT_PRODUCTS_DIR; };
		22335DCA2DD4D2B50076422C /* AppDelegate.swift */ = {isa = PBXFileReference; lastKnownFileType = sourcecode.swift; path = AppDelegate.swift; sourceTree = "<group>"; };
		22335DCC2DD4D2B50076422C /* SceneDelegate.swift */ = {isa = PBXFileReference; lastKnownFileType = sourcecode.swift; path = SceneDelegate.swift; sourceTree = "<group>"; };
		22335DD42DD4D2B50076422C /* Sportify.xcdatamodel */ = {isa = PBXFileReference; lastKnownFileType = wrapper.xcdatamodel; path = Sportify.xcdatamodel; sourceTree = "<group>"; };
		22335DD62DD4D2B60076422C /* Assets.xcassets */ = {isa = PBXFileReference; lastKnownFileType = folder.assetcatalog; path = Assets.xcassets; sourceTree = "<group>"; };
		22335DD92DD4D2B60076422C /* Base */ = {isa = PBXFileReference; lastKnownFileType = file.storyboard; name = Base; path = Base.lproj/LaunchScreen.storyboard; sourceTree = "<group>"; };
		22335DDB2DD4D2B60076422C /* Info.plist */ = {isa = PBXFileReference; lastKnownFileType = text.plist.xml; path = Info.plist; sourceTree = "<group>"; };
		22335DE02DD4D2B60076422C /* SportifyTests.xctest */ = {isa = PBXFileReference; explicitFileType = wrapper.cfbundle; includeInIndex = 0; path = SportifyTests.xctest; sourceTree = BUILT_PRODUCTS_DIR; };
		22335DE42DD4D2B60076422C /* SportifyTests.swift */ = {isa = PBXFileReference; lastKnownFileType = sourcecode.swift; path = SportifyTests.swift; sourceTree = "<group>"; };
		22335DEA2DD4D2B60076422C /* SportifyUITests.xctest */ = {isa = PBXFileReference; explicitFileType = wrapper.cfbundle; includeInIndex = 0; path = SportifyUITests.xctest; sourceTree = BUILT_PRODUCTS_DIR; };
		22335DEE2DD4D2B60076422C /* SportifyUITests.swift */ = {isa = PBXFileReference; lastKnownFileType = sourcecode.swift; path = SportifyUITests.swift; sourceTree = "<group>"; };
		22335DF02DD4D2B60076422C /* SportifyUITestsLaunchTests.swift */ = {isa = PBXFileReference; lastKnownFileType = sourcecode.swift; path = SportifyUITestsLaunchTests.swift; sourceTree = "<group>"; };
		22AAA0EB2DD52EBD0092F713 /* LeaguesTableViewController.swift */ = {isa = PBXFileReference; lastKnownFileType = sourcecode.swift; path = LeaguesTableViewController.swift; sourceTree = "<group>"; };
		22AAA0EC2DD52EBD0092F713 /* LeaguesTableViewController.xib */ = {isa = PBXFileReference; lastKnownFileType = file.xib; path = LeaguesTableViewController.xib; sourceTree = "<group>"; };
		22AAA0EF2DD52F100092F713 /* LeaguesTableViewCell.swift */ = {isa = PBXFileReference; lastKnownFileType = sourcecode.swift; path = LeaguesTableViewCell.swift; sourceTree = "<group>"; };
		22AAA0F02DD52F100092F713 /* LeaguesTableViewCell.xib */ = {isa = PBXFileReference; lastKnownFileType = file.xib; path = LeaguesTableViewCell.xib; sourceTree = "<group>"; };
		22AFC1752DD604F80060C450 /* TeamDetailsViewController.swift */ = {isa = PBXFileReference; lastKnownFileType = sourcecode.swift; path = TeamDetailsViewController.swift; sourceTree = "<group>"; };
		22AFC1762DD604F80060C450 /* TeamDetailsViewController.xib */ = {isa = PBXFileReference; lastKnownFileType = file.xib; path = TeamDetailsViewController.xib; sourceTree = "<group>"; };
		22AFC1792DD608B30060C450 /* PlayerTableViewCell.swift */ = {isa = PBXFileReference; lastKnownFileType = sourcecode.swift; path = PlayerTableViewCell.swift; sourceTree = "<group>"; };
		22AFC17A2DD608B30060C450 /* PlayerTableViewCell.xib */ = {isa = PBXFileReference; lastKnownFileType = file.xib; path = PlayerTableViewCell.xib; sourceTree = "<group>"; };
		22F7A78B2DD5011200A6B05A /* HomeViewController.swift */ = {isa = PBXFileReference; lastKnownFileType = sourcecode.swift; path = HomeViewController.swift; sourceTree = "<group>"; };
		22F7A78C2DD5011200A6B05A /* HomeViewController.xib */ = {isa = PBXFileReference; lastKnownFileType = file.xib; path = HomeViewController.xib; sourceTree = "<group>"; };
		22F7A7952DD51A3100A6B05A /* SportViewCell.swift */ = {isa = PBXFileReference; lastKnownFileType = sourcecode.swift; path = SportViewCell.swift; sourceTree = "<group>"; };
		22F7A7962DD51A3100A6B05A /* SportViewCell.xib */ = {isa = PBXFileReference; lastKnownFileType = file.xib; path = SportViewCell.xib; sourceTree = "<group>"; };
		C233C7DF2DD6517700BE0C9A /* FavoriteTableViewController.swift */ = {isa = PBXFileReference; lastKnownFileType = sourcecode.swift; path = FavoriteTableViewController.swift; sourceTree = "<group>"; };
		C233C7E02DD6517700BE0C9A /* FavoriteTableViewController.xib */ = {isa = PBXFileReference; lastKnownFileType = file.xib; path = FavoriteTableViewController.xib; sourceTree = "<group>"; };
		C233C8032DD6685E00BE0C9A /* LeaguesDetailCollectionViewController.swift */ = {isa = PBXFileReference; lastKnownFileType = sourcecode.swift; path = LeaguesDetailCollectionViewController.swift; sourceTree = "<group>"; };
		C233C8042DD6685E00BE0C9A /* LeaguesDetailCollectionViewController.xib */ = {isa = PBXFileReference; lastKnownFileType = file.xib; path = LeaguesDetailCollectionViewController.xib; sourceTree = "<group>"; };
		C233C8082DD668F900BE0C9A /* UpcomingEventCollectionViewCell.swift */ = {isa = PBXFileReference; lastKnownFileType = sourcecode.swift; path = UpcomingEventCollectionViewCell.swift; sourceTree = "<group>"; };
		C233C8092DD668F900BE0C9A /* UpcomingEventCollectionViewCell.xib */ = {isa = PBXFileReference; lastKnownFileType = file.xib; path = UpcomingEventCollectionViewCell.xib; sourceTree = "<group>"; };
		C233C8122DD67CE800BE0C9A /* TeamsCollectionViewCell.swift */ = {isa = PBXFileReference; lastKnownFileType = sourcecode.swift; path = TeamsCollectionViewCell.swift; sourceTree = "<group>"; };
		C233C8132DD67CE800BE0C9A /* TeamsCollectionViewCell.xib */ = {isa = PBXFileReference; lastKnownFileType = file.xib; path = TeamsCollectionViewCell.xib; sourceTree = "<group>"; };
		C233C84C2DD6965A00BE0C9A /* LatestEventCollectionViewCell.swift */ = {isa = PBXFileReference; lastKnownFileType = sourcecode.swift; path = LatestEventCollectionViewCell.swift; sourceTree = "<group>"; };
		C233C84D2DD6965A00BE0C9A /* LatestEventCollectionViewCell.xib */ = {isa = PBXFileReference; lastKnownFileType = file.xib; path = LatestEventCollectionViewCell.xib; sourceTree = "<group>"; };
/* End PBXFileReference section */

/* Begin PBXFrameworksBuildPhase section */
		22335DC42DD4D2B50076422C /* Frameworks */ = {
			isa = PBXFrameworksBuildPhase;
			buildActionMask = 2147483647;
			files = (
				222A41862DD75F0D007FDCCF /* SDWebImageSwiftUI in Frameworks */,
				222A417E2DD75606007FDCCF /* Alamofire in Frameworks */,
			);
			runOnlyForDeploymentPostprocessing = 0;
		};
		22335DDD2DD4D2B60076422C /* Frameworks */ = {
			isa = PBXFrameworksBuildPhase;
			buildActionMask = 2147483647;
			files = (
			);
			runOnlyForDeploymentPostprocessing = 0;
		};
		22335DE72DD4D2B60076422C /* Frameworks */ = {
			isa = PBXFrameworksBuildPhase;
			buildActionMask = 2147483647;
			files = (
			);
			runOnlyForDeploymentPostprocessing = 0;
		};
/* End PBXFrameworksBuildPhase section */

/* Begin PBXGroup section */
		222A41752DD7537B007FDCCF /* Model */ = {
			isa = PBXGroup;
			children = (
				222A41762DD75395007FDCCF /* LeagueDto.swift */,
				222A41782DD7558E007FDCCF /* NetworkManger.swift */,
				222A417A2DD755AC007FDCCF /* NetworkMangerProtocol.swift */,
			);
			path = Model;
			sourceTree = "<group>";
		};
		222A417F2DD756FD007FDCCF /* LeaguesPresenter */ = {
			isa = PBXGroup;
			children = (
				222A41802DD75711007FDCCF /* LeaguesPresenter.swift */,
				222A41822DD7572E007FDCCF /* LeaguesViewProtocol.swift */,
			);
			path = LeaguesPresenter;
			sourceTree = "<group>";
		};
		22335DBE2DD4D2B40076422C = {
			isa = PBXGroup;
			children = (
				22335DC92DD4D2B50076422C /* Sportify */,
				22335DE32DD4D2B60076422C /* SportifyTests */,
				22335DED2DD4D2B60076422C /* SportifyUITests */,
				22335DC82DD4D2B50076422C /* Products */,
			);
			sourceTree = "<group>";
		};
		22335DC82DD4D2B50076422C /* Products */ = {
			isa = PBXGroup;
			children = (
				22335DC72DD4D2B50076422C /* Sportify.app */,
				22335DE02DD4D2B60076422C /* SportifyTests.xctest */,
				22335DEA2DD4D2B60076422C /* SportifyUITests.xctest */,
			);
			name = Products;
			sourceTree = "<group>";
		};
		22335DC92DD4D2B50076422C /* Sportify */ = {
			isa = PBXGroup;
			children = (
				222A41752DD7537B007FDCCF /* Model */,
				22F7A7932DD519B100A6B05A /* Views */,
				22335DCA2DD4D2B50076422C /* AppDelegate.swift */,
				22335DCC2DD4D2B50076422C /* SceneDelegate.swift */,
				22335DD62DD4D2B60076422C /* Assets.xcassets */,
				22335DD82DD4D2B60076422C /* LaunchScreen.storyboard */,
				22335DDB2DD4D2B60076422C /* Info.plist */,
				22335DD32DD4D2B50076422C /* Sportify.xcdatamodeld */,
			);
			path = Sportify;
			sourceTree = "<group>";
		};
		22335DE32DD4D2B60076422C /* SportifyTests */ = {
			isa = PBXGroup;
			children = (
				22335DE42DD4D2B60076422C /* SportifyTests.swift */,
			);
			path = SportifyTests;
			sourceTree = "<group>";
		};
		22335DED2DD4D2B60076422C /* SportifyUITests */ = {
			isa = PBXGroup;
			children = (
				22335DEE2DD4D2B60076422C /* SportifyUITests.swift */,
				22335DF02DD4D2B60076422C /* SportifyUITestsLaunchTests.swift */,
			);
			path = SportifyUITests;
			sourceTree = "<group>";
		};
		22AAA0E62DD52E730092F713 /* LeaguesView */ = {
			isa = PBXGroup;
			children = (
				222A417F2DD756FD007FDCCF /* LeaguesPresenter */,
				22AAA0EB2DD52EBD0092F713 /* LeaguesTableViewController.swift */,
				22AAA0EC2DD52EBD0092F713 /* LeaguesTableViewController.xib */,
				22AAA0EF2DD52F100092F713 /* LeaguesTableViewCell.swift */,
				22AAA0F02DD52F100092F713 /* LeaguesTableViewCell.xib */,
			);
			path = LeaguesView;
			sourceTree = "<group>";
		};
		22AFC1732DD604600060C450 /* TeamDetails */ = {
			isa = PBXGroup;
			children = (
				22AFC1742DD6047B0060C450 /* View */,
			);
			path = TeamDetails;
			sourceTree = "<group>";
		};
		22AFC1742DD6047B0060C450 /* View */ = {
			isa = PBXGroup;
			children = (
				22AFC1752DD604F80060C450 /* TeamDetailsViewController.swift */,
				22AFC1762DD604F80060C450 /* TeamDetailsViewController.xib */,
				22AFC1792DD608B30060C450 /* PlayerTableViewCell.swift */,
				22AFC17A2DD608B30060C450 /* PlayerTableViewCell.xib */,
			);
			path = View;
			sourceTree = "<group>";
		};
		22F7A7932DD519B100A6B05A /* Views */ = {
			isa = PBXGroup;
			children = (
				C233C8072DD6686800BE0C9A /* LeaguesDetailView */,
				C233C7DE2DD6514400BE0C9A /* FavoriteView */,
				22AFC1732DD604600060C450 /* TeamDetails */,
				22AAA0E62DD52E730092F713 /* LeaguesView */,
				22F7A7942DD519DC00A6B05A /* HomeView */,
			);
			path = Views;
			sourceTree = "<group>";
		};
		22F7A7942DD519DC00A6B05A /* HomeView */ = {
			isa = PBXGroup;
			children = (
				22F7A78B2DD5011200A6B05A /* HomeViewController.swift */,
				22F7A78C2DD5011200A6B05A /* HomeViewController.xib */,
				22F7A7952DD51A3100A6B05A /* SportViewCell.swift */,
				22F7A7962DD51A3100A6B05A /* SportViewCell.xib */,
			);
			path = HomeView;
			sourceTree = "<group>";
		};
		C233C7DE2DD6514400BE0C9A /* FavoriteView */ = {
			isa = PBXGroup;
			children = (
				C233C7DF2DD6517700BE0C9A /* FavoriteTableViewController.swift */,
				C233C7E02DD6517700BE0C9A /* FavoriteTableViewController.xib */,
			);
			path = FavoriteView;
			sourceTree = "<group>";
		};
		C233C8072DD6686800BE0C9A /* LeaguesDetailView */ = {
			isa = PBXGroup;
			children = (
				C233C8032DD6685E00BE0C9A /* LeaguesDetailCollectionViewController.swift */,
				C233C8042DD6685E00BE0C9A /* LeaguesDetailCollectionViewController.xib */,
				C233C8082DD668F900BE0C9A /* UpcomingEventCollectionViewCell.swift */,
				C233C8092DD668F900BE0C9A /* UpcomingEventCollectionViewCell.xib */,
				C233C8122DD67CE800BE0C9A /* TeamsCollectionViewCell.swift */,
				C233C8132DD67CE800BE0C9A /* TeamsCollectionViewCell.xib */,
				C233C84C2DD6965A00BE0C9A /* LatestEventCollectionViewCell.swift */,
				C233C84D2DD6965A00BE0C9A /* LatestEventCollectionViewCell.xib */,
			);
			path = LeaguesDetailView;
			sourceTree = "<group>";
		};
/* End PBXGroup section */

/* Begin PBXNativeTarget section */
		22335DC62DD4D2B50076422C /* Sportify */ = {
			isa = PBXNativeTarget;
			buildConfigurationList = 22335DF42DD4D2B60076422C /* Build configuration list for PBXNativeTarget "Sportify" */;
			buildPhases = (
				22335DC32DD4D2B50076422C /* Sources */,
				22335DC42DD4D2B50076422C /* Frameworks */,
				22335DC52DD4D2B50076422C /* Resources */,
			);
			buildRules = (
			);
			dependencies = (
			);
			name = Sportify;
			packageProductDependencies = (
				222A417D2DD75606007FDCCF /* Alamofire */,
				222A41852DD75F0D007FDCCF /* SDWebImageSwiftUI */,
			);
			productName = Sportify;
			productReference = 22335DC72DD4D2B50076422C /* Sportify.app */;
			productType = "com.apple.product-type.application";
		};
		22335DDF2DD4D2B60076422C /* SportifyTests */ = {
			isa = PBXNativeTarget;
			buildConfigurationList = 22335DF72DD4D2B60076422C /* Build configuration list for PBXNativeTarget "SportifyTests" */;
			buildPhases = (
				22335DDC2DD4D2B60076422C /* Sources */,
				22335DDD2DD4D2B60076422C /* Frameworks */,
				22335DDE2DD4D2B60076422C /* Resources */,
			);
			buildRules = (
			);
			dependencies = (
				22335DE22DD4D2B60076422C /* PBXTargetDependency */,
			);
			name = SportifyTests;
			productName = SportifyTests;
			productReference = 22335DE02DD4D2B60076422C /* SportifyTests.xctest */;
			productType = "com.apple.product-type.bundle.unit-test";
		};
		22335DE92DD4D2B60076422C /* SportifyUITests */ = {
			isa = PBXNativeTarget;
			buildConfigurationList = 22335DFA2DD4D2B60076422C /* Build configuration list for PBXNativeTarget "SportifyUITests" */;
			buildPhases = (
				22335DE62DD4D2B60076422C /* Sources */,
				22335DE72DD4D2B60076422C /* Frameworks */,
				22335DE82DD4D2B60076422C /* Resources */,
			);
			buildRules = (
			);
			dependencies = (
				22335DEC2DD4D2B60076422C /* PBXTargetDependency */,
			);
			name = SportifyUITests;
			productName = SportifyUITests;
			productReference = 22335DEA2DD4D2B60076422C /* SportifyUITests.xctest */;
			productType = "com.apple.product-type.bundle.ui-testing";
		};
/* End PBXNativeTarget section */

/* Begin PBXProject section */
		22335DBF2DD4D2B40076422C /* Project object */ = {
			isa = PBXProject;
			attributes = {
				BuildIndependentTargetsInParallel = 1;
				LastSwiftUpdateCheck = 1500;
				LastUpgradeCheck = 1500;
				TargetAttributes = {
					22335DC62DD4D2B50076422C = {
						CreatedOnToolsVersion = 15.0;
					};
					22335DDF2DD4D2B60076422C = {
						CreatedOnToolsVersion = 15.0;
						TestTargetID = 22335DC62DD4D2B50076422C;
					};
					22335DE92DD4D2B60076422C = {
						CreatedOnToolsVersion = 15.0;
						TestTargetID = 22335DC62DD4D2B50076422C;
					};
				};
			};
			buildConfigurationList = 22335DC22DD4D2B40076422C /* Build configuration list for PBXProject "Sportify" */;
			compatibilityVersion = "Xcode 14.0";
			developmentRegion = en;
			hasScannedForEncodings = 0;
			knownRegions = (
				en,
				Base,
			);
			mainGroup = 22335DBE2DD4D2B40076422C;
			packageReferences = (
				222A417C2DD75606007FDCCF /* XCRemoteSwiftPackageReference "Alamofire" */,
				222A41842DD75F0D007FDCCF /* XCRemoteSwiftPackageReference "SDWebImageSwiftUI" */,
			);
			productRefGroup = 22335DC82DD4D2B50076422C /* Products */;
			projectDirPath = "";
			projectRoot = "";
			targets = (
				22335DC62DD4D2B50076422C /* Sportify */,
				22335DDF2DD4D2B60076422C /* SportifyTests */,
				22335DE92DD4D2B60076422C /* SportifyUITests */,
			);
		};
/* End PBXProject section */

/* Begin PBXResourcesBuildPhase section */
		22335DC52DD4D2B50076422C /* Resources */ = {
			isa = PBXResourcesBuildPhase;
			buildActionMask = 2147483647;
			files = (
				22AAA0F22DD52F100092F713 /* LeaguesTableViewCell.xib in Resources */,
				C233C8142DD67CE800BE0C9A /* TeamsCollectionViewCell.xib in Resources */,
				22335DDA2DD4D2B60076422C /* LaunchScreen.storyboard in Resources */,
				22AFC1782DD604F80060C450 /* TeamDetailsViewController.xib in Resources */,
				22F7A7982DD51A3100A6B05A /* SportViewCell.xib in Resources */,
				C233C84E2DD6965A00BE0C9A /* LatestEventCollectionViewCell.xib in Resources */,
				22AAA0EE2DD52EBD0092F713 /* LeaguesTableViewController.xib in Resources */,
				22335DD72DD4D2B60076422C /* Assets.xcassets in Resources */,
				C233C8052DD6685E00BE0C9A /* LeaguesDetailCollectionViewController.xib in Resources */,
				C233C7E12DD6517700BE0C9A /* FavoriteTableViewController.xib in Resources */,
				22F7A78E2DD5011200A6B05A /* HomeViewController.xib in Resources */,
				C233C80A2DD668F900BE0C9A /* UpcomingEventCollectionViewCell.xib in Resources */,
				22AFC17C2DD608B30060C450 /* PlayerTableViewCell.xib in Resources */,
			);
			runOnlyForDeploymentPostprocessing = 0;
		};
		22335DDE2DD4D2B60076422C /* Resources */ = {
			isa = PBXResourcesBuildPhase;
			buildActionMask = 2147483647;
			files = (
			);
			runOnlyForDeploymentPostprocessing = 0;
		};
		22335DE82DD4D2B60076422C /* Resources */ = {
			isa = PBXResourcesBuildPhase;
			buildActionMask = 2147483647;
			files = (
			);
			runOnlyForDeploymentPostprocessing = 0;
		};
/* End PBXResourcesBuildPhase section */

/* Begin PBXSourcesBuildPhase section */
		22335DC32DD4D2B50076422C /* Sources */ = {
			isa = PBXSourcesBuildPhase;
			buildActionMask = 2147483647;
			files = (
				C233C8062DD6685E00BE0C9A /* LeaguesDetailCollectionViewController.swift in Sources */,
				22335DD52DD4D2B50076422C /* Sportify.xcdatamodeld in Sources */,
				222A41792DD7558E007FDCCF /* NetworkManger.swift in Sources */,
				222A41832DD7572E007FDCCF /* LeaguesViewProtocol.swift in Sources */,
				C233C7E22DD6517700BE0C9A /* FavoriteTableViewController.swift in Sources */,
				C233C80B2DD668F900BE0C9A /* UpcomingEventCollectionViewCell.swift in Sources */,
				22AFC17B2DD608B30060C450 /* PlayerTableViewCell.swift in Sources */,
				22335DCB2DD4D2B50076422C /* AppDelegate.swift in Sources */,
				22335DCD2DD4D2B50076422C /* SceneDelegate.swift in Sources */,
				22F7A78D2DD5011200A6B05A /* HomeViewController.swift in Sources */,
				22F7A7972DD51A3100A6B05A /* SportViewCell.swift in Sources */,
				222A41772DD75395007FDCCF /* LeagueDto.swift in Sources */,
				222A41812DD75711007FDCCF /* LeaguesPresenter.swift in Sources */,
				C233C84F2DD6965A00BE0C9A /* LatestEventCollectionViewCell.swift in Sources */,
				C233C8152DD67CE800BE0C9A /* TeamsCollectionViewCell.swift in Sources */,
				22AAA0F12DD52F100092F713 /* LeaguesTableViewCell.swift in Sources */,
				222A417B2DD755AC007FDCCF /* NetworkMangerProtocol.swift in Sources */,
				22AFC1772DD604F80060C450 /* TeamDetailsViewController.swift in Sources */,
				22AAA0ED2DD52EBD0092F713 /* LeaguesTableViewController.swift in Sources */,
			);
			runOnlyForDeploymentPostprocessing = 0;
		};
		22335DDC2DD4D2B60076422C /* Sources */ = {
			isa = PBXSourcesBuildPhase;
			buildActionMask = 2147483647;
			files = (
				22335DE52DD4D2B60076422C /* SportifyTests.swift in Sources */,
			);
			runOnlyForDeploymentPostprocessing = 0;
		};
		22335DE62DD4D2B60076422C /* Sources */ = {
			isa = PBXSourcesBuildPhase;
			buildActionMask = 2147483647;
			files = (
				22335DF12DD4D2B60076422C /* SportifyUITestsLaunchTests.swift in Sources */,
				22335DEF2DD4D2B60076422C /* SportifyUITests.swift in Sources */,
			);
			runOnlyForDeploymentPostprocessing = 0;
		};
/* End PBXSourcesBuildPhase section */

/* Begin PBXTargetDependency section */
		22335DE22DD4D2B60076422C /* PBXTargetDependency */ = {
			isa = PBXTargetDependency;
			target = 22335DC62DD4D2B50076422C /* Sportify */;
			targetProxy = 22335DE12DD4D2B60076422C /* PBXContainerItemProxy */;
		};
		22335DEC2DD4D2B60076422C /* PBXTargetDependency */ = {
			isa = PBXTargetDependency;
			target = 22335DC62DD4D2B50076422C /* Sportify */;
			targetProxy = 22335DEB2DD4D2B60076422C /* PBXContainerItemProxy */;
		};
/* End PBXTargetDependency section */

/* Begin PBXVariantGroup section */
		22335DD82DD4D2B60076422C /* LaunchScreen.storyboard */ = {
			isa = PBXVariantGroup;
			children = (
				22335DD92DD4D2B60076422C /* Base */,
			);
			name = LaunchScreen.storyboard;
			sourceTree = "<group>";
		};
/* End PBXVariantGroup section */

/* Begin XCBuildConfiguration section */
		22335DF22DD4D2B60076422C /* Debug */ = {
			isa = XCBuildConfiguration;
			buildSettings = {
				ALWAYS_SEARCH_USER_PATHS = NO;
				ASSETCATALOG_COMPILER_GENERATE_SWIFT_ASSET_SYMBOL_EXTENSIONS = YES;
				CLANG_ANALYZER_NONNULL = YES;
				CLANG_ANALYZER_NUMBER_OBJECT_CONVERSION = YES_AGGRESSIVE;
				CLANG_CXX_LANGUAGE_STANDARD = "gnu++20";
				CLANG_ENABLE_MODULES = YES;
				CLANG_ENABLE_OBJC_ARC = YES;
				CLANG_ENABLE_OBJC_WEAK = YES;
				CLANG_WARN_BLOCK_CAPTURE_AUTORELEASING = YES;
				CLANG_WARN_BOOL_CONVERSION = YES;
				CLANG_WARN_COMMA = YES;
				CLANG_WARN_CONSTANT_CONVERSION = YES;
				CLANG_WARN_DEPRECATED_OBJC_IMPLEMENTATIONS = YES;
				CLANG_WARN_DIRECT_OBJC_ISA_USAGE = YES_ERROR;
				CLANG_WARN_DOCUMENTATION_COMMENTS = YES;
				CLANG_WARN_EMPTY_BODY = YES;
				CLANG_WARN_ENUM_CONVERSION = YES;
				CLANG_WARN_INFINITE_RECURSION = YES;
				CLANG_WARN_INT_CONVERSION = YES;
				CLANG_WARN_NON_LITERAL_NULL_CONVERSION = YES;
				CLANG_WARN_OBJC_IMPLICIT_RETAIN_SELF = YES;
				CLANG_WARN_OBJC_LITERAL_CONVERSION = YES;
				CLANG_WARN_OBJC_ROOT_CLASS = YES_ERROR;
				CLANG_WARN_QUOTED_INCLUDE_IN_FRAMEWORK_HEADER = YES;
				CLANG_WARN_RANGE_LOOP_ANALYSIS = YES;
				CLANG_WARN_STRICT_PROTOTYPES = YES;
				CLANG_WARN_SUSPICIOUS_MOVE = YES;
				CLANG_WARN_UNGUARDED_AVAILABILITY = YES_AGGRESSIVE;
				CLANG_WARN_UNREACHABLE_CODE = YES;
				CLANG_WARN__DUPLICATE_METHOD_MATCH = YES;
				COPY_PHASE_STRIP = NO;
				DEBUG_INFORMATION_FORMAT = dwarf;
				ENABLE_STRICT_OBJC_MSGSEND = YES;
				ENABLE_TESTABILITY = YES;
				ENABLE_USER_SCRIPT_SANDBOXING = YES;
				GCC_C_LANGUAGE_STANDARD = gnu17;
				GCC_DYNAMIC_NO_PIC = NO;
				GCC_NO_COMMON_BLOCKS = YES;
				GCC_OPTIMIZATION_LEVEL = 0;
				GCC_PREPROCESSOR_DEFINITIONS = (
					"DEBUG=1",
					"$(inherited)",
				);
				GCC_WARN_64_TO_32_BIT_CONVERSION = YES;
				GCC_WARN_ABOUT_RETURN_TYPE = YES_ERROR;
				GCC_WARN_UNDECLARED_SELECTOR = YES;
				GCC_WARN_UNINITIALIZED_AUTOS = YES_AGGRESSIVE;
				GCC_WARN_UNUSED_FUNCTION = YES;
				GCC_WARN_UNUSED_VARIABLE = YES;
				IPHONEOS_DEPLOYMENT_TARGET = 17.0;
				LOCALIZATION_PREFERS_STRING_CATALOGS = YES;
				MTL_ENABLE_DEBUG_INFO = INCLUDE_SOURCE;
				MTL_FAST_MATH = YES;
				ONLY_ACTIVE_ARCH = YES;
				SDKROOT = iphoneos;
				SWIFT_ACTIVE_COMPILATION_CONDITIONS = "DEBUG $(inherited)";
				SWIFT_OPTIMIZATION_LEVEL = "-Onone";
			};
			name = Debug;
		};
		22335DF32DD4D2B60076422C /* Release */ = {
			isa = XCBuildConfiguration;
			buildSettings = {
				ALWAYS_SEARCH_USER_PATHS = NO;
				ASSETCATALOG_COMPILER_GENERATE_SWIFT_ASSET_SYMBOL_EXTENSIONS = YES;
				CLANG_ANALYZER_NONNULL = YES;
				CLANG_ANALYZER_NUMBER_OBJECT_CONVERSION = YES_AGGRESSIVE;
				CLANG_CXX_LANGUAGE_STANDARD = "gnu++20";
				CLANG_ENABLE_MODULES = YES;
				CLANG_ENABLE_OBJC_ARC = YES;
				CLANG_ENABLE_OBJC_WEAK = YES;
				CLANG_WARN_BLOCK_CAPTURE_AUTORELEASING = YES;
				CLANG_WARN_BOOL_CONVERSION = YES;
				CLANG_WARN_COMMA = YES;
				CLANG_WARN_CONSTANT_CONVERSION = YES;
				CLANG_WARN_DEPRECATED_OBJC_IMPLEMENTATIONS = YES;
				CLANG_WARN_DIRECT_OBJC_ISA_USAGE = YES_ERROR;
				CLANG_WARN_DOCUMENTATION_COMMENTS = YES;
				CLANG_WARN_EMPTY_BODY = YES;
				CLANG_WARN_ENUM_CONVERSION = YES;
				CLANG_WARN_INFINITE_RECURSION = YES;
				CLANG_WARN_INT_CONVERSION = YES;
				CLANG_WARN_NON_LITERAL_NULL_CONVERSION = YES;
				CLANG_WARN_OBJC_IMPLICIT_RETAIN_SELF = YES;
				CLANG_WARN_OBJC_LITERAL_CONVERSION = YES;
				CLANG_WARN_OBJC_ROOT_CLASS = YES_ERROR;
				CLANG_WARN_QUOTED_INCLUDE_IN_FRAMEWORK_HEADER = YES;
				CLANG_WARN_RANGE_LOOP_ANALYSIS = YES;
				CLANG_WARN_STRICT_PROTOTYPES = YES;
				CLANG_WARN_SUSPICIOUS_MOVE = YES;
				CLANG_WARN_UNGUARDED_AVAILABILITY = YES_AGGRESSIVE;
				CLANG_WARN_UNREACHABLE_CODE = YES;
				CLANG_WARN__DUPLICATE_METHOD_MATCH = YES;
				COPY_PHASE_STRIP = NO;
				DEBUG_INFORMATION_FORMAT = "dwarf-with-dsym";
				ENABLE_NS_ASSERTIONS = NO;
				ENABLE_STRICT_OBJC_MSGSEND = YES;
				ENABLE_USER_SCRIPT_SANDBOXING = YES;
				GCC_C_LANGUAGE_STANDARD = gnu17;
				GCC_NO_COMMON_BLOCKS = YES;
				GCC_WARN_64_TO_32_BIT_CONVERSION = YES;
				GCC_WARN_ABOUT_RETURN_TYPE = YES_ERROR;
				GCC_WARN_UNDECLARED_SELECTOR = YES;
				GCC_WARN_UNINITIALIZED_AUTOS = YES_AGGRESSIVE;
				GCC_WARN_UNUSED_FUNCTION = YES;
				GCC_WARN_UNUSED_VARIABLE = YES;
				IPHONEOS_DEPLOYMENT_TARGET = 17.0;
				LOCALIZATION_PREFERS_STRING_CATALOGS = YES;
				MTL_ENABLE_DEBUG_INFO = NO;
				MTL_FAST_MATH = YES;
				SDKROOT = iphoneos;
				SWIFT_COMPILATION_MODE = wholemodule;
				VALIDATE_PRODUCT = YES;
			};
			name = Release;
		};
		22335DF52DD4D2B60076422C /* Debug */ = {
			isa = XCBuildConfiguration;
			buildSettings = {
				ASSETCATALOG_COMPILER_APPICON_NAME = AppIcon;
				ASSETCATALOG_COMPILER_GLOBAL_ACCENT_COLOR_NAME = AccentColor;
				CODE_SIGN_STYLE = Automatic;
				CURRENT_PROJECT_VERSION = 1;
				GENERATE_INFOPLIST_FILE = YES;
				INFOPLIST_FILE = Sportify/Info.plist;
				INFOPLIST_KEY_UIApplicationSupportsIndirectInputEvents = YES;
				INFOPLIST_KEY_UILaunchStoryboardName = LaunchScreen;
				INFOPLIST_KEY_UISupportedInterfaceOrientations_iPad = "UIInterfaceOrientationPortrait UIInterfaceOrientationPortraitUpsideDown UIInterfaceOrientationLandscapeLeft UIInterfaceOrientationLandscapeRight";
				INFOPLIST_KEY_UISupportedInterfaceOrientations_iPhone = "UIInterfaceOrientationPortrait UIInterfaceOrientationLandscapeLeft UIInterfaceOrientationLandscapeRight";
				LD_RUNPATH_SEARCH_PATHS = (
					"$(inherited)",
					"@executable_path/Frameworks",
				);
				MARKETING_VERSION = 1.0;
				PRODUCT_BUNDLE_IDENTIFIER = iti.gov.Sportify;
				PRODUCT_NAME = "$(TARGET_NAME)";
				SWIFT_EMIT_LOC_STRINGS = YES;
				SWIFT_VERSION = 5.0;
				TARGETED_DEVICE_FAMILY = "1,2";
			};
			name = Debug;
		};
		22335DF62DD4D2B60076422C /* Release */ = {
			isa = XCBuildConfiguration;
			buildSettings = {
				ASSETCATALOG_COMPILER_APPICON_NAME = AppIcon;
				ASSETCATALOG_COMPILER_GLOBAL_ACCENT_COLOR_NAME = AccentColor;
				CODE_SIGN_STYLE = Automatic;
				CURRENT_PROJECT_VERSION = 1;
				GENERATE_INFOPLIST_FILE = YES;
				INFOPLIST_FILE = Sportify/Info.plist;
				INFOPLIST_KEY_UIApplicationSupportsIndirectInputEvents = YES;
				INFOPLIST_KEY_UILaunchStoryboardName = LaunchScreen;
				INFOPLIST_KEY_UISupportedInterfaceOrientations_iPad = "UIInterfaceOrientationPortrait UIInterfaceOrientationPortraitUpsideDown UIInterfaceOrientationLandscapeLeft UIInterfaceOrientationLandscapeRight";
				INFOPLIST_KEY_UISupportedInterfaceOrientations_iPhone = "UIInterfaceOrientationPortrait UIInterfaceOrientationLandscapeLeft UIInterfaceOrientationLandscapeRight";
				LD_RUNPATH_SEARCH_PATHS = (
					"$(inherited)",
					"@executable_path/Frameworks",
				);
				MARKETING_VERSION = 1.0;
				PRODUCT_BUNDLE_IDENTIFIER = iti.gov.Sportify;
				PRODUCT_NAME = "$(TARGET_NAME)";
				SWIFT_EMIT_LOC_STRINGS = YES;
				SWIFT_VERSION = 5.0;
				TARGETED_DEVICE_FAMILY = "1,2";
			};
			name = Release;
		};
		22335DF82DD4D2B60076422C /* Debug */ = {
			isa = XCBuildConfiguration;
			buildSettings = {
				ALWAYS_EMBED_SWIFT_STANDARD_LIBRARIES = YES;
				BUNDLE_LOADER = "$(TEST_HOST)";
				CODE_SIGN_STYLE = Automatic;
				CURRENT_PROJECT_VERSION = 1;
				GENERATE_INFOPLIST_FILE = YES;
				IPHONEOS_DEPLOYMENT_TARGET = 17.0;
				MARKETING_VERSION = 1.0;
				PRODUCT_BUNDLE_IDENTIFIER = iti.gov.SportifyTests;
				PRODUCT_NAME = "$(TARGET_NAME)";
				SWIFT_EMIT_LOC_STRINGS = NO;
				SWIFT_VERSION = 5.0;
				TARGETED_DEVICE_FAMILY = "1,2";
				TEST_HOST = "$(BUILT_PRODUCTS_DIR)/Sportify.app/$(BUNDLE_EXECUTABLE_FOLDER_PATH)/Sportify";
			};
			name = Debug;
		};
		22335DF92DD4D2B60076422C /* Release */ = {
			isa = XCBuildConfiguration;
			buildSettings = {
				ALWAYS_EMBED_SWIFT_STANDARD_LIBRARIES = YES;
				BUNDLE_LOADER = "$(TEST_HOST)";
				CODE_SIGN_STYLE = Automatic;
				CURRENT_PROJECT_VERSION = 1;
				GENERATE_INFOPLIST_FILE = YES;
				IPHONEOS_DEPLOYMENT_TARGET = 17.0;
				MARKETING_VERSION = 1.0;
				PRODUCT_BUNDLE_IDENTIFIER = iti.gov.SportifyTests;
				PRODUCT_NAME = "$(TARGET_NAME)";
				SWIFT_EMIT_LOC_STRINGS = NO;
				SWIFT_VERSION = 5.0;
				TARGETED_DEVICE_FAMILY = "1,2";
				TEST_HOST = "$(BUILT_PRODUCTS_DIR)/Sportify.app/$(BUNDLE_EXECUTABLE_FOLDER_PATH)/Sportify";
			};
			name = Release;
		};
		22335DFB2DD4D2B60076422C /* Debug */ = {
			isa = XCBuildConfiguration;
			buildSettings = {
				ALWAYS_EMBED_SWIFT_STANDARD_LIBRARIES = YES;
				CODE_SIGN_STYLE = Automatic;
				CURRENT_PROJECT_VERSION = 1;
				GENERATE_INFOPLIST_FILE = YES;
				MARKETING_VERSION = 1.0;
				PRODUCT_BUNDLE_IDENTIFIER = iti.gov.SportifyUITests;
				PRODUCT_NAME = "$(TARGET_NAME)";
				SWIFT_EMIT_LOC_STRINGS = NO;
				SWIFT_VERSION = 5.0;
				TARGETED_DEVICE_FAMILY = "1,2";
				TEST_TARGET_NAME = Sportify;
			};
			name = Debug;
		};
		22335DFC2DD4D2B60076422C /* Release */ = {
			isa = XCBuildConfiguration;
			buildSettings = {
				ALWAYS_EMBED_SWIFT_STANDARD_LIBRARIES = YES;
				CODE_SIGN_STYLE = Automatic;
				CURRENT_PROJECT_VERSION = 1;
				GENERATE_INFOPLIST_FILE = YES;
				MARKETING_VERSION = 1.0;
				PRODUCT_BUNDLE_IDENTIFIER = iti.gov.SportifyUITests;
				PRODUCT_NAME = "$(TARGET_NAME)";
				SWIFT_EMIT_LOC_STRINGS = NO;
				SWIFT_VERSION = 5.0;
				TARGETED_DEVICE_FAMILY = "1,2";
				TEST_TARGET_NAME = Sportify;
			};
			name = Release;
		};
/* End XCBuildConfiguration section */

/* Begin XCConfigurationList section */
		22335DC22DD4D2B40076422C /* Build configuration list for PBXProject "Sportify" */ = {
			isa = XCConfigurationList;
			buildConfigurations = (
				22335DF22DD4D2B60076422C /* Debug */,
				22335DF32DD4D2B60076422C /* Release */,
			);
			defaultConfigurationIsVisible = 0;
			defaultConfigurationName = Release;
		};
		22335DF42DD4D2B60076422C /* Build configuration list for PBXNativeTarget "Sportify" */ = {
			isa = XCConfigurationList;
			buildConfigurations = (
				22335DF52DD4D2B60076422C /* Debug */,
				22335DF62DD4D2B60076422C /* Release */,
			);
			defaultConfigurationIsVisible = 0;
			defaultConfigurationName = Release;
		};
		22335DF72DD4D2B60076422C /* Build configuration list for PBXNativeTarget "SportifyTests" */ = {
			isa = XCConfigurationList;
			buildConfigurations = (
				22335DF82DD4D2B60076422C /* Debug */,
				22335DF92DD4D2B60076422C /* Release */,
			);
			defaultConfigurationIsVisible = 0;
			defaultConfigurationName = Release;
		};
		22335DFA2DD4D2B60076422C /* Build configuration list for PBXNativeTarget "SportifyUITests" */ = {
			isa = XCConfigurationList;
			buildConfigurations = (
				22335DFB2DD4D2B60076422C /* Debug */,
				22335DFC2DD4D2B60076422C /* Release */,
			);
			defaultConfigurationIsVisible = 0;
			defaultConfigurationName = Release;
		};
/* End XCConfigurationList section */

/* Begin XCRemoteSwiftPackageReference section */
		222A417C2DD75606007FDCCF /* XCRemoteSwiftPackageReference "Alamofire" */ = {
			isa = XCRemoteSwiftPackageReference;
			repositoryURL = "https://github.com/Alamofire/Alamofire";
			requirement = {
				kind = upToNextMajorVersion;
				minimumVersion = 5.10.2;
			};
		};
		222A41842DD75F0D007FDCCF /* XCRemoteSwiftPackageReference "SDWebImageSwiftUI" */ = {
			isa = XCRemoteSwiftPackageReference;
			repositoryURL = "https://github.com/SDWebImage/SDWebImageSwiftUI.git";
			requirement = {
				kind = upToNextMajorVersion;
				minimumVersion = 3.1.3;
			};
		};
/* End XCRemoteSwiftPackageReference section */

/* Begin XCSwiftPackageProductDependency section */
		222A417D2DD75606007FDCCF /* Alamofire */ = {
			isa = XCSwiftPackageProductDependency;
			package = 222A417C2DD75606007FDCCF /* XCRemoteSwiftPackageReference "Alamofire" */;
			productName = Alamofire;
		};
		222A41852DD75F0D007FDCCF /* SDWebImageSwiftUI */ = {
			isa = XCSwiftPackageProductDependency;
			package = 222A41842DD75F0D007FDCCF /* XCRemoteSwiftPackageReference "SDWebImageSwiftUI" */;
			productName = SDWebImageSwiftUI;
		};
/* End XCSwiftPackageProductDependency section */

/* Begin XCVersionGroup section */
		22335DD32DD4D2B50076422C /* Sportify.xcdatamodeld */ = {
			isa = XCVersionGroup;
			children = (
				22335DD42DD4D2B50076422C /* Sportify.xcdatamodel */,
			);
			currentVersion = 22335DD42DD4D2B50076422C /* Sportify.xcdatamodel */;
			path = Sportify.xcdatamodeld;
			sourceTree = "<group>";
			versionGroupType = wrapper.xcdatamodel;
		};
/* End XCVersionGroup section */
	};
	rootObject = 22335DBF2DD4D2B40076422C /* Project object */;
}
